
Microsoft Visual Studio Solution File, Format Version 12.00
# Visual Studio Version 17
VisualStudioVersion = 17.8.34330.188
MinimumVisualStudioVersion = 10.0.40219.1
Project("{E24C65DC-7377-472B-9ABA-BC803B73C61A}") = "YazOkulu", "YazOkulu\", "{230DA112-6DEC-4D17-8B93-BFFFDDD499D1}"
	ProjectSection(WebsiteProperties) = preProject
		TargetFrameworkMoniker = ".NETFramework,Version%3Dv4.7.2"
		ProjectReferences = "{b9e89fb1-0965-4c04-bc87-f4a82a90907c}|BusinessLogicLayer.dll;{3ad777e7-908e-439b-ae13-e90a1d89693a}|DataAccessLayer.dll;{b116a77d-9fd4-4abe-b7d7-8984154df295}|EntityLayer.dll;"
		Debug.AspNetCompiler.VirtualPath = "/localhost_62221"
		Debug.AspNetCompiler.PhysicalPath = "YazOkulu\"
		Debug.AspNetCompiler.TargetPath = "PrecompiledWeb\localhost_62221\"
		Debug.AspNetCompiler.Updateable = "true"
		Debug.AspNetCompiler.ForceOverwrite = "true"
		Debug.AspNetCompiler.FixedNames = "false"
		Debug.AspNetCompiler.Debug = "True"
		Release.AspNetCompiler.VirtualPath = "/localhost_62221"
		Release.AspNetCompiler.PhysicalPath = "YazOkulu\"
		Release.AspNetCompiler.TargetPath = "PrecompiledWeb\localhost_62221\"
		Release.AspNetCompiler.Updateable = "true"
		Release.AspNetCompiler.ForceOverwrite = "true"
		Release.AspNetCompiler.FixedNames = "false"
		Release.AspNetCompiler.Debug = "False"
		VWDPort = "62221"
		SlnRelativePath = "YazOkulu\"
		DefaultWebSiteLanguage = "Visual C#"
	EndProjectSection
EndProject
Project("{9A19103F-16F7-4668-BE54-9A1E7A4F7556}") = "EntityLayer", "EntityLayer\EntityLayer.csproj", "{B116A77D-9FD4-4ABE-B7D7-8984154DF295}"
EndProject
Project("{9A19103F-16F7-4668-BE54-9A1E7A4F7556}") = "DataAccessLayer", "DataAccessLayer\DataAccessLayer.csproj", "{3AD777E7-908E-439B-AE13-E90A1D89693A}"
EndProject
Project("{9A19103F-16F7-4668-BE54-9A1E7A4F7556}") = "BusinessLogicLayer", "BusinessLogicLayer\BusinessLogicLayer.csproj", "{B9E89FB1-0965-4C04-BC87-F4A82A90907C}"
EndProject
Global
	GlobalSection(SolutionConfigurationPlatforms) = preSolution
		Debug|Any CPU = Debug|Any CPU
		Release|Any CPU = Release|Any CPU
	EndGlobalSection
	GlobalSection(ProjectConfigurationPlatforms) = postSolution
		{230DA112-6DEC-4D17-8B93-BFFFDDD499D1}.Debug|Any CPU.ActiveCfg = Debug|Any CPU
		{230DA112-6DEC-4D17-8B93-BFFFDDD499D1}.Debug|Any CPU.Build.0 = Debug|Any CPU
		{230DA112-6DEC-4D17-8B93-BFFFDDD499D1}.Release|Any CPU.ActiveCfg = Debug|Any CPU
		{230DA112-6DEC-4D17-8B93-BFFFDDD499D1}.Release|Any CPU.Build.0 = Debug|Any CPU
		{B116A77D-9FD4-4ABE-B7D7-8984154DF295}.Debug|Any CPU.ActiveCfg = Debug|Any CPU
		{B116A77D-9FD4-4ABE-B7D7-8984154DF295}.Debug|Any CPU.Build.0 = Debug|Any CPU
		{B116A77D-9FD4-4ABE-B7D7-8984154DF295}.Release|Any CPU.ActiveCfg = Release|Any CPU
		{B116A77D-9FD4-4ABE-B7D7-8984154DF295}.Release|Any CPU.Build.0 = Release|Any CPU
		{3AD777E7-908E-439B-AE13-E90A1D89693A}.Debug|Any CPU.ActiveCfg = Debug|Any CPU
		{3AD777E7-908E-439B-AE13-E90A1D89693A}.Debug|Any CPU.Build.0 = Debug|Any CPU
		{3AD777E7-908E-439B-AE13-E90A1D89693A}.Release|Any CPU.ActiveCfg = Release|Any CPU
		{3AD777E7-908E-439B-AE13-E90A1D89693A}.Release|Any CPU.Build.0 = Release|Any CPU
		{B9E89FB1-0965-4C04-BC87-F4A82A90907C}.Debug|Any CPU.ActiveCfg = Debug|Any CPU
		{B9E89FB1-0965-4C04-BC87-F4A82A90907C}.Debug|Any CPU.Build.0 = Debug|Any CPU
		{B9E89FB1-0965-4C04-BC87-F4A82A90907C}.Release|Any CPU.ActiveCfg = Release|Any CPU
		{B9E89FB1-0965-4C04-BC87-F4A82A90907C}.Release|Any CPU.Build.0 = Release|Any CPU
	EndGlobalSection
	GlobalSection(SolutionProperties) = preSolution
		HideSolutionNode = FALSE
	EndGlobalSection
	GlobalSection(ExtensibilityGlobals) = postSolution
		SolutionGuid = {3117B9FA-2DE4-4F9E-9FD0-194F2D003DF9}
	EndGlobalSection
EndGlobal
